// !$*UTF8*$!
{
	archiveVersion = 1;
	classes = {
	};
	objectVersion = 46;
	objects = {

/* Begin PBXBuildFile section */
		3FB848981CBBC5D700C842A4 /* main.m in Sources */ = {isa = PBXBuildFile; fileRef = 3FB848971CBBC5D700C842A4 /* main.m */; };
		3FB8489B1CBBC5D700C842A4 /* AppDelegate.m in Sources */ = {isa = PBXBuildFile; fileRef = 3FB8489A1CBBC5D700C842A4 /* AppDelegate.m */; };
		3FB8489E1CBBC5D700C842A4 /* ViewController.m in Sources */ = {isa = PBXBuildFile; fileRef = 3FB8489D1CBBC5D700C842A4 /* ViewController.m */; };
		3FB848A11CBBC5D700C842A4 /* Main.storyboard in Resources */ = {isa = PBXBuildFile; fileRef = 3FB8489F1CBBC5D700C842A4 /* Main.storyboard */; };
		3FB848A31CBBC5D700C842A4 /* Assets.xcassets in Resources */ = {isa = PBXBuildFile; fileRef = 3FB848A21CBBC5D700C842A4 /* Assets.xcassets */; };
		3FB848A61CBBC5D700C842A4 /* LaunchScreen.storyboard in Resources */ = {isa = PBXBuildFile; fileRef = 3FB848A41CBBC5D700C842A4 /* LaunchScreen.storyboard */; };
		3FB848B11CBBC5D700C842A4 /* bishiTests.m in Sources */ = {isa = PBXBuildFile; fileRef = 3FB848B01CBBC5D700C842A4 /* bishiTests.m */; };
		3FB848BC1CBBC5D700C842A4 /* bishiUITests.m in Sources */ = {isa = PBXBuildFile; fileRef = 3FB848BB1CBBC5D700C842A4 /* bishiUITests.m */; };
		3FB848CC1CBBC8C200C842A4 /* TableViewCell.m in Sources */ = {isa = PBXBuildFile; fileRef = 3FB848CB1CBBC8C200C842A4 /* TableViewCell.m */; };
		3FB848D21CBBD1A700C842A4 /* personModel.m in Sources */ = {isa = PBXBuildFile; fileRef = 3FB848D11CBBD1A700C842A4 /* personModel.m */; };
/* End PBXBuildFile section */

/* Begin PBXContainerItemProxy section */
		3FB848AD1CBBC5D700C842A4 /* PBXContainerItemProxy */ = {
			isa = PBXContainerItemProxy;
			containerPortal = 3FB8488B1CBBC5D700C842A4 /* Project object */;
			proxyType = 1;
			remoteGlobalIDString = 3FB848921CBBC5D700C842A4;
			remoteInfo = bishi;
		};
		3FB848B81CBBC5D700C842A4 /* PBXContainerItemProxy */ = {
			isa = PBXContainerItemProxy;
			containerPortal = 3FB8488B1CBBC5D700C842A4 /* Project object */;
			proxyType = 1;
			remoteGlobalIDString = 3FB848921CBBC5D700C842A4;
			remoteInfo = bishi;
		};
/* End PBXContainerItemProxy section */

/* Begin PBXFileReference section */
		3FB848931CBBC5D700C842A4 /* bishi.app */ = {isa = PBXFileReference; explicitFileType = wrapper.application; includeInIndex = 0; path = bishi.app; sourceTree = BUILT_PRODUCTS_DIR; };
		3FB848971CBBC5D700C842A4 /* main.m */ = {isa = PBXFileReference; lastKnownFileType = sourcecode.c.objc; path = main.m; sourceTree = "<group>"; };
		3FB848991CBBC5D700C842A4 /* AppDelegate.h */ = {isa = PBXFileReference; lastKnownFileType = sourcecode.c.h; path = AppDelegate.h; sourceTree = "<group>"; };
		3FB8489A1CBBC5D700C842A4 /* AppDelegate.m */ = {isa = PBXFileReference; lastKnownFileType = sourcecode.c.objc; path = AppDelegate.m; sourceTree = "<group>"; };
		3FB8489C1CBBC5D700C842A4 /* ViewController.h */ = {isa = PBXFileReference; lastKnownFileType = sourcecode.c.h; path = ViewController.h; sourceTree = "<group>"; };
		3FB8489D1CBBC5D700C842A4 /* ViewController.m */ = {isa = PBXFileReference; lastKnownFileType = sourcecode.c.objc; path = ViewController.m; sourceTree = "<group>"; };
		3FB848A01CBBC5D700C842A4 /* Base */ = {isa = PBXFileReference; lastKnownFileType = file.storyboard; name = Base; path = Base.lproj/Main.storyboard; sourceTree = "<group>"; };
		3FB848A21CBBC5D700C842A4 /* Assets.xcassets */ = {isa = PBXFileReference; lastKnownFileType = folder.assetcatalog; path = Assets.xcassets; sourceTree = "<group>"; };
		3FB848A51CBBC5D700C842A4 /* Base */ = {isa = PBXFileReference; lastKnownFileType = file.storyboard; name = Base; path = Base.lproj/LaunchScreen.storyboard; sourceTree = "<group>"; };
		3FB848A71CBBC5D700C842A4 /* Info.plist */ = {isa = PBXFileReference; lastKnownFileType = text.plist.xml; path = Info.plist; sourceTree = "<group>"; };
		3FB848AC1CBBC5D700C842A4 /* bishiTests.xctest */ = {isa = PBXFileReference; explicitFileType = wrapper.cfbundle; includeInIndex = 0; path = bishiTests.xctest; sourceTree = BUILT_PRODUCTS_DIR; };
		3FB848B01CBBC5D700C842A4 /* bishiTests.m */ = {isa = PBXFileReference; lastKnownFileType = sourcecode.c.objc; path = bishiTests.m; sourceTree = "<group>"; };
		3FB848B21CBBC5D700C842A4 /* Info.plist */ = {isa = PBXFileReference; lastKnownFileType = text.plist.xml; path = Info.plist; sourceTree = "<group>"; };
		3FB848B71CBBC5D700C842A4 /* bishiUITests.xctest */ = {isa = PBXFileReference; explicitFileType = wrapper.cfbundle; includeInIndex = 0; path = bishiUITests.xctest; sourceTree = BUILT_PRODUCTS_DIR; };
		3FB848BB1CBBC5D700C842A4 /* bishiUITests.m */ = {isa = PBXFileReference; lastKnownFileType = sourcecode.c.objc; path = bishiUITests.m; sourceTree = "<group>"; };
		3FB848BD1CBBC5D700C842A4 /* Info.plist */ = {isa = PBXFileReference; lastKnownFileType = text.plist.xml; path = Info.plist; sourceTree = "<group>"; };
		3FB848CA1CBBC8C200C842A4 /* TableViewCell.h */ = {isa = PBXFileReference; fileEncoding = 4; lastKnownFileType = sourcecode.c.h; path = TableViewCell.h; sourceTree = "<group>"; };
		3FB848CB1CBBC8C200C842A4 /* TableViewCell.m */ = {isa = PBXFileReference; fileEncoding = 4; lastKnownFileType = sourcecode.c.objc; path = TableViewCell.m; sourceTree = "<group>"; };
		3FB848D01CBBD1A700C842A4 /* personModel.h */ = {isa = PBXFileReference; fileEncoding = 4; lastKnownFileType = sourcecode.c.h; path = personModel.h; sourceTree = "<group>"; };
		3FB848D11CBBD1A700C842A4 /* personModel.m */ = {isa = PBXFileReference; fileEncoding = 4; lastKnownFileType = sourcecode.c.objc; path = personModel.m; sourceTree = "<group>"; };
/* End PBXFileReference section */

/* Begin PBXFrameworksBuildPhase section */
		3FB848901CBBC5D700C842A4 /* Frameworks */ = {
			isa = PBXFrameworksBuildPhase;
			buildActionMask = 2147483647;
			files = (
			);
			runOnlyForDeploymentPostprocessing = 0;
		};
		3FB848A91CBBC5D700C842A4 /* Frameworks */ = {
			isa = PBXFrameworksBuildPhase;
			buildActionMask = 2147483647;
			files = (
			);
			runOnlyForDeploymentPostprocessing = 0;
		};
		3FB848B41CBBC5D700C842A4 /* Frameworks */ = {
			isa = PBXFrameworksBuildPhase;
			buildActionMask = 2147483647;
			files = (
			);
			runOnlyForDeploymentPostprocessing = 0;
		};
/* End PBXFrameworksBuildPhase section */

/* Begin PBXGroup section */
		3FB8488A1CBBC5D700C842A4 = {
			isa = PBXGroup;
			children = (
				3FB848951CBBC5D700C842A4 /* bishi */,
				3FB848AF1CBBC5D700C842A4 /* bishiTests */,
				3FB848BA1CBBC5D700C842A4 /* bishiUITests */,
				3FB848941CBBC5D700C842A4 /* Products */,
			);
			sourceTree = "<group>";
		};
		3FB848941CBBC5D700C842A4 /* Products */ = {
			isa = PBXGroup;
			children = (
				3FB848931CBBC5D700C842A4 /* bishi.app */,
				3FB848AC1CBBC5D700C842A4 /* bishiTests.xctest */,
				3FB848B71CBBC5D700C842A4 /* bishiUITests.xctest */,
			);
			name = Products;
			sourceTree = "<group>";
		};
		3FB848951CBBC5D700C842A4 /* bishi */ = {
			isa = PBXGroup;
			children = (
				3FB848CD1CBBCAF100C842A4 /* model */,
				3FB848C91CBBC8A600C842A4 /* view */,
				3FB848991CBBC5D700C842A4 /* AppDelegate.h */,
				3FB8489A1CBBC5D700C842A4 /* AppDelegate.m */,
				3FB8489C1CBBC5D700C842A4 /* ViewController.h */,
				3FB8489D1CBBC5D700C842A4 /* ViewController.m */,
				3FB8489F1CBBC5D700C842A4 /* Main.storyboard */,
				3FB848A21CBBC5D700C842A4 /* Assets.xcassets */,
				3FB848A41CBBC5D700C842A4 /* LaunchScreen.storyboard */,
				3FB848A71CBBC5D700C842A4 /* Info.plist */,
				3FB848961CBBC5D700C842A4 /* Supporting Files */,
			);
			path = bishi;
			sourceTree = "<group>";
		};
		3FB848961CBBC5D700C842A4 /* Supporting Files */ = {
			isa = PBXGroup;
			children = (
				3FB848971CBBC5D700C842A4 /* main.m */,
			);
			name = "Supporting Files";
			sourceTree = "<group>";
		};
		3FB848AF1CBBC5D700C842A4 /* bishiTests */ = {
			isa = PBXGroup;
			children = (
				3FB848B01CBBC5D700C842A4 /* bishiTests.m */,
				3FB848B21CBBC5D700C842A4 /* Info.plist */,
			);
			path = bishiTests;
			sourceTree = "<group>";
		};
		3FB848BA1CBBC5D700C842A4 /* bishiUITests */ = {
			isa = PBXGroup;
			children = (
				3FB848BB1CBBC5D700C842A4 /* bishiUITests.m */,
				3FB848BD1CBBC5D700C842A4 /* Info.plist */,
			);
			path = bishiUITests;
			sourceTree = "<group>";
		};
		3FB848C91CBBC8A600C842A4 /* view */ = {
			isa = PBXGroup;
			children = (
				3FB848CA1CBBC8C200C842A4 /* TableViewCell.h */,
				3FB848CB1CBBC8C200C842A4 /* TableViewCell.m */,
			);
			name = view;
			sourceTree = "<group>";
		};
		3FB848CD1CBBCAF100C842A4 /* model */ = {
			isa = PBXGroup;
			children = (
				3FB848D01CBBD1A700C842A4 /* personModel.h */,
				3FB848D11CBBD1A700C842A4 /* personModel.m */,
			);
			name = model;
			sourceTree = "<group>";
		};
/* End PBXGroup section */

/* Begin PBXNativeTarget section */
		3FB848921CBBC5D700C842A4 /* bishi */ = {
			isa = PBXNativeTarget;
			buildConfigurationList = 3FB848C01CBBC5D700C842A4 /* Build configuration list for PBXNativeTarget "bishi" */;
			buildPhases = (
				3FB8488F1CBBC5D700C842A4 /* Sources */,
				3FB848901CBBC5D700C842A4 /* Frameworks */,
				3FB848911CBBC5D700C842A4 /* Resources */,
			);
			buildRules = (
			);
			dependencies = (
			);
			name = bishi;
			productName = bishi;
			productReference = 3FB848931CBBC5D700C842A4 /* bishi.app */;
			productType = "com.apple.product-type.application";
		};
		3FB848AB1CBBC5D700C842A4 /* bishiTests */ = {
			isa = PBXNativeTarget;
			buildConfigurationList = 3FB848C31CBBC5D700C842A4 /* Build configuration list for PBXNativeTarget "bishiTests" */;
			buildPhases = (
				3FB848A81CBBC5D700C842A4 /* Sources */,
				3FB848A91CBBC5D700C842A4 /* Frameworks */,
				3FB848AA1CBBC5D700C842A4 /* Resources */,
			);
			buildRules = (
			);
			dependencies = (
				3FB848AE1CBBC5D700C842A4 /* PBXTargetDependency */,
			);
			name = bishiTests;
			productName = bishiTests;
			productReference = 3FB848AC1CBBC5D700C842A4 /* bishiTests.xctest */;
			productType = "com.apple.product-type.bundle.unit-test";
		};
		3FB848B61CBBC5D700C842A4 /* bishiUITests */ = {
			isa = PBXNativeTarget;
			buildConfigurationList = 3FB848C61CBBC5D700C842A4 /* Build configuration list for PBXNativeTarget "bishiUITests" */;
			buildPhases = (
				3FB848B31CBBC5D700C842A4 /* Sources */,
				3FB848B41CBBC5D700C842A4 /* Frameworks */,
				3FB848B51CBBC5D700C842A4 /* Resources */,
			);
			buildRules = (
			);
			dependencies = (
				3FB848B91CBBC5D700C842A4 /* PBXTargetDependency */,
			);
			name = bishiUITests;
			productName = bishiUITests;
			productReference = 3FB848B71CBBC5D700C842A4 /* bishiUITests.xctest */;
			productType = "com.apple.product-type.bundle.ui-testing";
		};
/* End PBXNativeTarget section */

/* Begin PBXProject section */
		3FB8488B1CBBC5D700C842A4 /* Project object */ = {
			isa = PBXProject;
			attributes = {
				LastUpgradeCheck = 0730;
				ORGANIZATIONNAME = "赵远";
				TargetAttributes = {
					3FB848921CBBC5D700C842A4 = {
						CreatedOnToolsVersion = 7.3;
					};
					3FB848AB1CBBC5D700C842A4 = {
						CreatedOnToolsVersion = 7.3;
						TestTargetID = 3FB848921CBBC5D700C842A4;
					};
					3FB848B61CBBC5D700C842A4 = {
						CreatedOnToolsVersion = 7.3;
						TestTargetID = 3FB848921CBBC5D700C842A4;
					};
				};
			};
			buildConfigurationList = 3FB8488E1CBBC5D700C842A4 /* Build configuration list for PBXProject "bishi" */;
			compatibilityVersion = "Xcode 3.2";
			developmentRegion = English;
			hasScannedForEncodings = 0;
			knownRegions = (
				en,
				Base,
			);
			mainGroup = 3FB8488A1CBBC5D700C842A4;
			productRefGroup = 3FB848941CBBC5D700C842A4 /* Products */;
			projectDirPath = "";
			projectRoot = "";
			targets = (
				3FB848921CBBC5D700C842A4 /* bishi */,
				3FB848AB1CBBC5D700C842A4 /* bishiTests */,
				3FB848B61CBBC5D700C842A4 /* bishiUITests */,
			);
		};
/* End PBXProject section */

/* Begin PBXResourcesBuildPhase section */
		3FB848911CBBC5D700C842A4 /* Resources */ = {
			isa = PBXResourcesBuildPhase;
			buildActionMask = 2147483647;
			files = (
				3FB848A61CBBC5D700C842A4 /* LaunchScreen.storyboard in Resources */,
				3FB848A31CBBC5D700C842A4 /* Assets.xcassets in Resources */,
				3FB848A11CBBC5D700C842A4 /* Main.storyboard in Resources */,
			);
			runOnlyForDeploymentPostprocessing = 0;
		};
		3FB848AA1CBBC5D700C842A4 /* Resources */ = {
			isa = PBXResourcesBuildPhase;
			buildActionMask = 2147483647;
			files = (
			);
			runOnlyForDeploymentPostprocessing = 0;
		};
		3FB848B51CBBC5D700C842A4 /* Resources */ = {
			isa = PBXResourcesBuildPhase;
			buildActionMask = 2147483647;
			files = (
			);
			runOnlyForDeploymentPostprocessing = 0;
		};
/* End PBXResourcesBuildPhase section */

/* Begin PBXSourcesBuildPhase section */
		3FB8488F1CBBC5D700C842A4 /* Sources */ = {
			isa = PBXSourcesBuildPhase;
			buildActionMask = 2147483647;
			files = (
				3FB8489E1CBBC5D700C842A4 /* ViewController.m in Sources */,
				3FB848D21CBBD1A700C842A4 /* personModel.m in Sources */,
				3FB848CC1CBBC8C200C842A4 /* TableViewCell.m in Sources */,
				3FB8489B1CBBC5D700C842A4 /* AppDelegate.m in Sources */,
				3FB848981CBBC5D700C842A4 /* main.m in Sources */,
			);
			runOnlyForDeploymentPostprocessing = 0;
		};
		3FB848A81CBBC5D700C842A4 /* Sources */ = {
			isa = PBXSourcesBuildPhase;
			buildActionMask = 2147483647;
			files = (
				3FB848B11CBBC5D700C842A4 /* bishiTests.m in Sources */,
			);
			runOnlyForDeploymentPostprocessing = 0;
		};
		3FB848B31CBBC5D700C842A4 /* Sources */ = {
			isa = PBXSourcesBuildPhase;
			buildActionMask = 2147483647;
			files = (
				3FB848BC1CBBC5D700C842A4 /* bishiUITests.m in Sources */,
			);
			runOnlyForDeploymentPostprocessing = 0;
		};
/* End PBXSourcesBuildPhase section */

/* Begin PBXTargetDependency section */
		3FB848AE1CBBC5D700C842A4 /* PBXTargetDependency */ = {
			isa = PBXTargetDependency;
			target = 3FB848921CBBC5D700C842A4 /* bishi */;
			targetProxy = 3FB848AD1CBBC5D700C842A4 /* PBXContainerItemProxy */;
		};
		3FB848B91CBBC5D700C842A4 /* PBXTargetDependency */ = {
			isa = PBXTargetDependency;
			target = 3FB848921CBBC5D700C842A4 /* bishi */;
			targetProxy = 3FB848B81CBBC5D700C842A4 /* PBXContainerItemProxy */;
		};
/* End PBXTargetDependency section */

/* Begin PBXVariantGroup section */
		3FB8489F1CBBC5D700C842A4 /* Main.storyboard */ = {
			isa = PBXVariantGroup;
			children = (
				3FB848A01CBBC5D700C842A4 /* Base */,
			);
			name = Main.storyboard;
			sourceTree = "<group>";
		};
		3FB848A41CBBC5D700C842A4 /* LaunchScreen.storyboard */ = {
			isa = PBXVariantGroup;
			children = (
				3FB848A51CBBC5D700C842A4 /* Base */,
			);
			name = LaunchScreen.storyboard;
			sourceTree = "<group>";
		};
/* End PBXVariantGroup section */

/* Begin XCBuildConfiguration section */
		3FB848BE1CBBC5D700C842A4 /* Debug */ = {
			isa = XCBuildConfiguration;
			buildSettings = {
				ALWAYS_SEARCH_USER_PATHS = NO;
				CLANG_ANALYZER_NONNULL = YES;
				CLANG_CXX_LANGUAGE_STANDARD = "gnu++0x";
				CLANG_CXX_LIBRARY = "libc++";
				CLANG_ENABLE_MODULES = YES;
				CLANG_ENABLE_OBJC_ARC = YES;
				CLANG_WARN_BOOL_CONVERSION = YES;
				CLANG_WARN_CONSTANT_CONVERSION = YES;
				CLANG_WARN_DIRECT_OBJC_ISA_USAGE = YES_ERROR;
				CLANG_WARN_EMPTY_BODY = YES;
				CLANG_WARN_ENUM_CONVERSION = YES;
				CLANG_WARN_INT_CONVERSION = YES;
				CLANG_WARN_OBJC_ROOT_CLASS = YES_ERROR;
				CLANG_WARN_UNREACHABLE_CODE = YES;
				CLANG_WARN__DUPLICATE_METHOD_MATCH = YES;
				"CODE_SIGN_IDENTITY[sdk=iphoneos*]" = "iPhone Developer";
				COPY_PHASE_STRIP = NO;
				DEBUG_INFORMATION_FORMAT = dwarf;
				ENABLE_STRICT_OBJC_MSGSEND = YES;
				ENABLE_TESTABILITY = YES;
				GCC_C_LANGUAGE_STANDARD = gnu99;
				GCC_DYNAMIC_NO_PIC = NO;
				GCC_NO_COMMON_BLOCKS = YES;
				GCC_OPTIMIZATION_LEVEL = 0;
				GCC_PREPROCESSOR_DEFINITIONS = (
					"DEBUG=1",
					"$(inherited)",
				);
				GCC_WARN_64_TO_32_BIT_CONVERSION = YES;
				GCC_WARN_ABOUT_RETURN_TYPE = YES_ERROR;
				GCC_WARN_UNDECLARED_SELECTOR = YES;
				GCC_WARN_UNINITIALIZED_AUTOS = YES_AGGRESSIVE;
				GCC_WARN_UNUSED_FUNCTION = YES;
				GCC_WARN_UNUSED_VARIABLE = YES;
				IPHONEOS_DEPLOYMENT_TARGET = 9.0;
				MTL_ENABLE_DEBUG_INFO = YES;
				ONLY_ACTIVE_ARCH = YES;
				SDKROOT = iphoneos;
			};
			name = Debug;
		};
		3FB848BF1CBBC5D700C842A4 /* Release */ = {
			isa = XCBuildConfiguration;
			buildSettings = {
				ALWAYS_SEARCH_USER_PATHS = NO;
				CLANG_ANALYZER_NONNULL = YES;
				CLANG_CXX_LANGUAGE_STANDARD = "gnu++0x";
				CLANG_CXX_LIBRARY = "libc++";
				CLANG_ENABLE_MODULES = YES;
				CLANG_ENABLE_OBJC_ARC = YES;
				CLANG_WARN_BOOL_CONVERSION = YES;
				CLANG_WARN_CONSTANT_CONVERSION = YES;
				CLANG_WARN_DIRECT_OBJC_ISA_USAGE = YES_ERROR;
				CLANG_WARN_EMPTY_BODY = YES;
				CLANG_WARN_ENUM_CONVERSION = YES;
				CLANG_WARN_INT_CONVERSION = YES;
				CLANG_WARN_OBJC_ROOT_CLASS = YES_ERROR;
				CLANG_WARN_UNREACHABLE_CODE = YES;
				CLANG_WARN__DUPLICATE_METHOD_MATCH = YES;
				"CODE_SIGN_IDENTITY[sdk=iphoneos*]" = "iPhone Developer";
				COPY_PHASE_STRIP = NO;
				DEBUG_INFORMATION_FORMAT = "dwarf-with-dsym";
				ENABLE_NS_ASSERTIONS = NO;
				ENABLE_STRICT_OBJC_MSGSEND = YES;
				GCC_C_LANGUAGE_STANDARD = gnu99;
				GCC_NO_COMMON_BLOCKS = YES;
				GCC_WARN_64_TO_32_BIT_CONVERSION = YES;
				GCC_WARN_ABOUT_RETURN_TYPE = YES_ERROR;
				GCC_WARN_UNDECLARED_SELECTOR = YES;
				GCC_WARN_UNINITIALIZED_AUTOS = YES_AGGRESSIVE;
				GCC_WARN_UNUSED_FUNCTION = YES;
				GCC_WARN_UNUSED_VARIABLE = YES;
				IPHONEOS_DEPLOYMENT_TARGET = 9.0;
				MTL_ENABLE_DEBUG_INFO = NO;
				SDKROOT = iphoneos;
				VALIDATE_PRODUCT = YES;
			};
			name = Release;
		};
		3FB848C11CBBC5D700C842A4 /* Debug */ = {
			isa = XCBuildConfiguration;
			buildSettings = {
				ASSETCATALOG_COMPILER_APPICON_NAME = AppIcon;
				INFOPLIST_FILE = bishi/Info.plist;
				LD_RUNPATH_SEARCH_PATHS = "$(inherited) @executable_path/Frameworks";
				PRODUCT_BUNDLE_IDENTIFIER = com.zhaoyuan.bishi;
				PRODUCT_NAME = "$(TARGET_NAME)";
			};
			name = Debug;
		};
		3FB848C21CBBC5D700C842A4 /* Release */ = {
			isa = XCBuildConfiguration;
			buildSettings = {
				ASSETCATALOG_COMPILER_APPICON_NAME = AppIcon;
				INFOPLIST_FILE = bishi/Info.plist;
				LD_RUNPATH_SEARCH_PATHS = "$(inherited) @executable_path/Frameworks";
				PRODUCT_BUNDLE_IDENTIFIER = com.zhaoyuan.bishi;
				PRODUCT_NAME = "$(TARGET_NAME)";
			};
			name = Release;
		};
		3FB848C41CBBC5D700C842A4 /* Debug */ = {
			isa = XCBuildConfiguration;
			buildSettings = {
				BUNDLE_LOADER = "$(TEST_HOST)";
				INFOPLIST_FILE = bishiTests/Info.plist;
				LD_RUNPATH_SEARCH_PATHS = "$(inherited) @executable_path/Frameworks @loader_path/Frameworks";
				PRODUCT_BUNDLE_IDENTIFIER = com.zhaoyuan.bishiTests;
				PRODUCT_NAME = "$(TARGET_NAME)";
				TEST_HOST = "$(BUILT_PRODUCTS_DIR)/bishi.app/bishi";
			};
			name = Debug;
		};
		3FB848C51CBBC5D700C842A4 /* Release */ = {
			isa = XCBuildConfiguration;
			buildSettings = {
				BUNDLE_LOADER = "$(TEST_HOST)";
				INFOPLIST_FILE = bishiTests/Info.plist;
				LD_RUNPATH_SEARCH_PATHS = "$(inherited) @executable_path/Frameworks @loader_path/Frameworks";
				PRODUCT_BUNDLE_IDENTIFIER = com.zhaoyuan.bishiTests;
				PRODUCT_NAME = "$(TARGET_NAME)";
				TEST_HOST = "$(BUILT_PRODUCTS_DIR)/bishi.app/bishi";
			};
			name = Release;
		};
		3FB848C71CBBC5D700C842A4 /* Debug */ = {
			isa = XCBuildConfiguration;
			buildSettings = {
				INFOPLIST_FILE = bishiUITests/Info.plist;
				LD_RUNPATH_SEARCH_PATHS = "$(inherited) @executable_path/Frameworks @loader_path/Frameworks";
				PRODUCT_BUNDLE_IDENTIFIER = com.zhaoyuan.bishiUITests;
				PRODUCT_NAME = "$(TARGET_NAME)";
				TEST_TARGET_NAME = bishi;
			};
			name = Debug;
		};
		3FB848C81CBBC5D700C842A4 /* Release */ = {
			isa = XCBuildConfiguration;
			buildSettings = {
				INFOPLIST_FILE = bishiUITests/Info.plist;
				LD_RUNPATH_SEARCH_PATHS = "$(inherited) @executable_path/Frameworks @loader_path/Frameworks";
				PRODUCT_BUNDLE_IDENTIFIER = com.zhaoyuan.bishiUITests;
				PRODUCT_NAME = "$(TARGET_NAME)";
				TEST_TARGET_NAME = bishi;
			};
			name = Release;
		};
/* End XCBuildConfiguration section */

/* Begin XCConfigurationList section */
		3FB8488E1CBBC5D700C842A4 /* Build configuration list for PBXProject "bishi" */ = {
			isa = XCConfigurationList;
			buildConfigurations = (
				3FB848BE1CBBC5D700C842A4 /* Debug */,
				3FB848BF1CBBC5D700C842A4 /* Release */,
			);
			defaultConfigurationIsVisible = 0;
			defaultConfigurationName = Release;
		};
		3FB848C01CBBC5D700C842A4 /* Build configuration list for PBXNativeTarget "bishi" */ = {
			isa = XCConfigurationList;
			buildConfigurations = (
				3FB848C11CBBC5D700C842A4 /* Debug */,
				3FB848C21CBBC5D700C842A4 /* Release */,
			);
			defaultConfigurationIsVisible = 0;
		};
		3FB848C31CBBC5D700C842A4 /* Build configuration list for PBXNativeTarget "bishiTests" */ = {
			isa = XCConfigurationList;
			buildConfigurations = (
				3FB848C41CBBC5D700C842A4 /* Debug */,
				3FB848C51CBBC5D700C842A4 /* Release */,
			);
			defaultConfigurationIsVisible = 0;
		};
		3FB848C61CBBC5D700C842A4 /* Build configuration list for PBXNativeTarget "bishiUITests" */ = {
			isa = XCConfigurationList;
			buildConfigurations = (
				3FB848C71CBBC5D700C842A4 /* Debug */,
				3FB848C81CBBC5D700C842A4 /* Release */,
			);
			defaultConfigurationIsVisible = 0;
		};
/* End XCConfigurationList section */
	};
	rootObject = 3FB8488B1CBBC5D700C842A4 /* Project object */;
}
